
Microsoft Visual Studio Solution File, Format Version 12.00
# Visual Studio Version 17
VisualStudioVersion = 17.0.31919.166
MinimumVisualStudioVersion = 10.0.40219.1
Project("{2150E333-8FDC-42A3-9474-1A3956D46DE8}") = "src", "src", "{AD6A4249-1A12-4DDF-9189-84EBA72E96F2}"
EndProject
Project("{9A19103F-16F7-4668-BE54-9A1E7A4F7556}") = "MWU.Api", "MWU.Api\MWU.Api.csproj", "{15202123-A5E2-4BB6-8DF1-9A025F087D9E}"
EndProject
Project("{9A19103F-16F7-4668-BE54-9A1E7A4F7556}") = "MWU.Application", "MWU.Application\MWU.Application.csproj", "{E02DA3C3-8874-4F80-992B-88E11E23B906}"
EndProject
Project("{9A19103F-16F7-4668-BE54-9A1E7A4F7556}") = "MWU.Domain", "MWU.Domain\MWU.Domain.csproj", "{38919126-BE7C-4CF3-8C69-2F78B0FCA6EB}"
EndProject
Project("{9A19103F-16F7-4668-BE54-9A1E7A4F7556}") = "MWU.Infra", "MWU.Infra\MWU.Infra.csproj", "{FAE5FF42-2F31-4D64-B7BB-CAF15C0B5DE0}"
EndProject
Project("{9A19103F-16F7-4668-BE54-9A1E7A4F7556}") = "MWU.CrossCutting", "MWU.CrossCutting\MWU.CrossCutting.csproj", "{56AB31DE-0FB4-4FB3-B0AC-1DE4F0DFB1FD}"
EndProject
Project("{00D1A9C2-B5F0-4AF3-8072-F6C62B433612}") = "MWU.CLR", "MWU.CLR\MWU.CLR.sqlproj", "{934EF84B-3420-45DF-9065-E9C92637E53D}"
EndProject
Global
	GlobalSection(SolutionConfigurationPlatforms) = preSolution
		Debug|Any CPU = Debug|Any CPU
		Release|Any CPU = Release|Any CPU
	EndGlobalSection
	GlobalSection(ProjectConfigurationPlatforms) = postSolution
		{15202123-A5E2-4BB6-8DF1-9A025F087D9E}.Debug|Any CPU.ActiveCfg = Debug|Any CPU
		{15202123-A5E2-4BB6-8DF1-9A025F087D9E}.Debug|Any CPU.Build.0 = Debug|Any CPU
		{15202123-A5E2-4BB6-8DF1-9A025F087D9E}.Release|Any CPU.ActiveCfg = Release|Any CPU
		{15202123-A5E2-4BB6-8DF1-9A025F087D9E}.Release|Any CPU.Build.0 = Release|Any CPU
		{E02DA3C3-8874-4F80-992B-88E11E23B906}.Debug|Any CPU.ActiveCfg = Debug|Any CPU
		{E02DA3C3-8874-4F80-992B-88E11E23B906}.Debug|Any CPU.Build.0 = Debug|Any CPU
		{E02DA3C3-8874-4F80-992B-88E11E23B906}.Release|Any CPU.ActiveCfg = Release|Any CPU
		{E02DA3C3-8874-4F80-992B-88E11E23B906}.Release|Any CPU.Build.0 = Release|Any CPU
		{38919126-BE7C-4CF3-8C69-2F78B0FCA6EB}.Debug|Any CPU.ActiveCfg = Debug|Any CPU
		{38919126-BE7C-4CF3-8C69-2F78B0FCA6EB}.Debug|Any CPU.Build.0 = Debug|Any CPU
		{38919126-BE7C-4CF3-8C69-2F78B0FCA6EB}.Release|Any CPU.ActiveCfg = Release|Any CPU
		{38919126-BE7C-4CF3-8C69-2F78B0FCA6EB}.Release|Any CPU.Build.0 = Release|Any CPU
		{FAE5FF42-2F31-4D64-B7BB-CAF15C0B5DE0}.Debug|Any CPU.ActiveCfg = Debug|Any CPU
		{FAE5FF42-2F31-4D64-B7BB-CAF15C0B5DE0}.Debug|Any CPU.Build.0 = Debug|Any CPU
		{FAE5FF42-2F31-4D64-B7BB-CAF15C0B5DE0}.Release|Any CPU.ActiveCfg = Release|Any CPU
		{FAE5FF42-2F31-4D64-B7BB-CAF15C0B5DE0}.Release|Any CPU.Build.0 = Release|Any CPU
		{56AB31DE-0FB4-4FB3-B0AC-1DE4F0DFB1FD}.Debug|Any CPU.ActiveCfg = Debug|Any CPU
		{56AB31DE-0FB4-4FB3-B0AC-1DE4F0DFB1FD}.Debug|Any CPU.Build.0 = Debug|Any CPU
		{56AB31DE-0FB4-4FB3-B0AC-1DE4F0DFB1FD}.Release|Any CPU.ActiveCfg = Release|Any CPU
		{56AB31DE-0FB4-4FB3-B0AC-1DE4F0DFB1FD}.Release|Any CPU.Build.0 = Release|Any CPU
		{934EF84B-3420-45DF-9065-E9C92637E53D}.Debug|Any CPU.ActiveCfg = Debug|Any CPU
		{934EF84B-3420-45DF-9065-E9C92637E53D}.Debug|Any CPU.Build.0 = Debug|Any CPU
		{934EF84B-3420-45DF-9065-E9C92637E53D}.Debug|Any CPU.Deploy.0 = Debug|Any CPU
		{934EF84B-3420-45DF-9065-E9C92637E53D}.Release|Any CPU.ActiveCfg = Release|Any CPU
		{934EF84B-3420-45DF-9065-E9C92637E53D}.Release|Any CPU.Build.0 = Release|Any CPU
		{934EF84B-3420-45DF-9065-E9C92637E53D}.Release|Any CPU.Deploy.0 = Release|Any CPU
	EndGlobalSection
	GlobalSection(SolutionProperties) = preSolution
		HideSolutionNode = FALSE
	EndGlobalSection
	GlobalSection(NestedProjects) = preSolution
		{15202123-A5E2-4BB6-8DF1-9A025F087D9E} = {AD6A4249-1A12-4DDF-9189-84EBA72E96F2}
		{E02DA3C3-8874-4F80-992B-88E11E23B906} = {AD6A4249-1A12-4DDF-9189-84EBA72E96F2}
		{38919126-BE7C-4CF3-8C69-2F78B0FCA6EB} = {AD6A4249-1A12-4DDF-9189-84EBA72E96F2}
		{FAE5FF42-2F31-4D64-B7BB-CAF15C0B5DE0} = {AD6A4249-1A12-4DDF-9189-84EBA72E96F2}
		{56AB31DE-0FB4-4FB3-B0AC-1DE4F0DFB1FD} = {AD6A4249-1A12-4DDF-9189-84EBA72E96F2}
		{934EF84B-3420-45DF-9065-E9C92637E53D} = {AD6A4249-1A12-4DDF-9189-84EBA72E96F2}
	EndGlobalSection
	GlobalSection(ExtensibilityGlobals) = postSolution
		SolutionGuid = {72A5A3C7-08F0-4D7A-A612-17EBF66DE4D6}
	EndGlobalSection
EndGlobal
